{
  "name": "Hackathon",
  "lockfileVersion": 2,
  "requires": true,
  "packages": {
    "": {
      "dependencies": {
        "solid-slider": "^1.3.9"
      }
    },
    "node_modules/@solid-primitives/timer": {
      "version": "1.3.3",
      "resolved": "https://registry.npmjs.org/@solid-primitives/timer/-/timer-1.3.3.tgz",
      "integrity": "sha512-R5+ScbGUXx9K/t3PfD6oyZoEnqvNpIfcl0LARihy0dim1agsO6zEgUVaQY9Whr5qopAUXxbhUjHgothVhAjJEg==",
      "peerDependencies": {
        "solid-js": "^1.3.0"
      }
    },
    "node_modules/csstype": {
      "version": "3.1.1",
      "resolved": "https://registry.npmjs.org/csstype/-/csstype-3.1.1.tgz",
      "integrity": "sha512-DJR/VvkAvSZW9bTouZue2sSxDwdTN92uHjqeKVm+0dAqdfNykRzQ95tay8aXMBAAPpUiq4Qcug2L7neoRh2Egw=="
    },
    "node_modules/keen-slider": {
      "version": "6.8.2",
      "resolved": "https://registry.npmjs.org/keen-slider/-/keen-slider-6.8.2.tgz",
      "integrity": "sha512-vMVLPVfgTkLTNseKM42hnOJz/k/C4x4atCJqKRmPh2Mb4L/+Pzh4qvq9k6qT7/pKBxnsNxOlcxq80NoZq/N3Iw=="
    },
    "node_modules/solid-js": {
      "version": "1.5.7",
      "resolved": "https://registry.npmjs.org/solid-js/-/solid-js-1.5.7.tgz",
      "integrity": "sha512-L1UuyMuZZARAwzXo5NZDhE6yxc14aqNbVOUoGzvlcxRZo1Cm4ExhPV0diEfwDyiKG/igqNNLkNurHkXiI5sVEg==",
      "dependencies": {
        "csstype": "^3.1.0"
      }
    },
    "node_modules/solid-slider": {
      "version": "1.3.9",
      "resolved": "https://registry.npmjs.org/solid-slider/-/solid-slider-1.3.9.tgz",
      "integrity": "sha512-oDqXjHpYJ40VLOv2psQnLOokpovfeseCal3PcLGUQkG0k8zM3posQNbUh409RCYbYkBW+XciU9Pq9ftA1W/qXg==",
      "dependencies": {
        "@solid-primitives/timer": "^1.3.2",
        "keen-slider": "^6.7.0",
        "solid-js": "^1.5.4"
      }
    }
  },
  "dependencies": {
    "@solid-primitives/timer": {
      "version": "1.3.3",
      "resolved": "https://registry.npmjs.org/@solid-primitives/timer/-/timer-1.3.3.tgz",
      "integrity": "sha512-R5+ScbGUXx9K/t3PfD6oyZoEnqvNpIfcl0LARihy0dim1agsO6zEgUVaQY9Whr5qopAUXxbhUjHgothVhAjJEg==",
      "requires": {}
    },
    "csstype": {
      "version": "3.1.1",
      "resolved": "https://registry.npmjs.org/csstype/-/csstype-3.1.1.tgz",
      "integrity": "sha512-DJR/VvkAvSZW9bTouZue2sSxDwdTN92uHjqeKVm+0dAqdfNykRzQ95tay8aXMBAAPpUiq4Qcug2L7neoRh2Egw=="
    },
    "keen-slider": {
      "version": "6.8.2",
      "resolved": "https://registry.npmjs.org/keen-slider/-/keen-slider-6.8.2.tgz",
      "integrity": "sha512-vMVLPVfgTkLTNseKM42hnOJz/k/C4x4atCJqKRmPh2Mb4L/+Pzh4qvq9k6qT7/pKBxnsNxOlcxq80NoZq/N3Iw=="
    },
    "solid-js": {
      "version": "1.5.7",
      "resolved": "https://registry.npmjs.org/solid-js/-/solid-js-1.5.7.tgz",
      "integrity": "sha512-L1UuyMuZZARAwzXo5NZDhE6yxc14aqNbVOUoGzvlcxRZo1Cm4ExhPV0diEfwDyiKG/igqNNLkNurHkXiI5sVEg==",
      "requires": {
        "csstype": "^3.1.0"
      }
    },
    "solid-slider": {
      "version": "1.3.9",
      "resolved": "https://registry.npmjs.org/solid-slider/-/solid-slider-1.3.9.tgz",
      "integrity": "sha512-oDqXjHpYJ40VLOv2psQnLOokpovfeseCal3PcLGUQkG0k8zM3posQNbUh409RCYbYkBW+XciU9Pq9ftA1W/qXg==",
      "requires": {
        "@solid-primitives/timer": "^1.3.2",
        "keen-slider": "^6.7.0",
        "solid-js": "^1.5.4"
      }
    }
  }
}
